
Microsoft Visual Studio Solution File, Format Version 12.00
# Visual Studio Version 17
VisualStudioVersion = 17.0.31903.59
MinimumVisualStudioVersion = 10.0.40219.1
Project("{2150E333-8FDC-42A3-9474-1A3956D46DE8}") = "src", "src", "{827E0CD3-B72D-47B6-A68D-7590B98EB39B}"
EndProject
Project("{FAE04EC0-301F-11D3-BF4B-00C04F79EFBC}") = "RollForBrew.Domain", "src\RollForBrew.Domain\RollForBrew.Domain.csproj", "{5FB5F92C-C71A-43AC-8EF9-8E3BA3BCB0F5}"
EndProject
Project("{FAE04EC0-301F-11D3-BF4B-00C04F79EFBC}") = "RollForBrew.Api", "src\RollForBrew.Api\RollForBrew.Api.csproj", "{AEF30F13-3A09-4326-95F2-968EFC4C9D48}"
EndProject
Project("{2150E333-8FDC-42A3-9474-1A3956D46DE8}") = "tests", "tests", "{0AB3BF05-4346-4AA6-1389-037BE0695223}"
EndProject
Project("{FAE04EC0-301F-11D3-BF4B-00C04F79EFBC}") = "RollForBrew.Tests", "tests\RollForBrew.Tests\RollForBrew.Tests.csproj", "{4955BC0C-B098-4339-B28F-70A3D69097E7}"
EndProject
Global
	GlobalSection(SolutionConfigurationPlatforms) = preSolution
		Debug|Any CPU = Debug|Any CPU
		Debug|x64 = Debug|x64
		Debug|x86 = Debug|x86
		Release|Any CPU = Release|Any CPU
		Release|x64 = Release|x64
		Release|x86 = Release|x86
	EndGlobalSection
	GlobalSection(ProjectConfigurationPlatforms) = postSolution
		{5FB5F92C-C71A-43AC-8EF9-8E3BA3BCB0F5}.Debug|Any CPU.ActiveCfg = Debug|Any CPU
		{5FB5F92C-C71A-43AC-8EF9-8E3BA3BCB0F5}.Debug|Any CPU.Build.0 = Debug|Any CPU
		{5FB5F92C-C71A-43AC-8EF9-8E3BA3BCB0F5}.Debug|x64.ActiveCfg = Debug|Any CPU
		{5FB5F92C-C71A-43AC-8EF9-8E3BA3BCB0F5}.Debug|x64.Build.0 = Debug|Any CPU
		{5FB5F92C-C71A-43AC-8EF9-8E3BA3BCB0F5}.Debug|x86.ActiveCfg = Debug|Any CPU
		{5FB5F92C-C71A-43AC-8EF9-8E3BA3BCB0F5}.Debug|x86.Build.0 = Debug|Any CPU
		{5FB5F92C-C71A-43AC-8EF9-8E3BA3BCB0F5}.Release|Any CPU.ActiveCfg = Release|Any CPU
		{5FB5F92C-C71A-43AC-8EF9-8E3BA3BCB0F5}.Release|Any CPU.Build.0 = Release|Any CPU
		{5FB5F92C-C71A-43AC-8EF9-8E3BA3BCB0F5}.Release|x64.ActiveCfg = Release|Any CPU
		{5FB5F92C-C71A-43AC-8EF9-8E3BA3BCB0F5}.Release|x64.Build.0 = Release|Any CPU
		{5FB5F92C-C71A-43AC-8EF9-8E3BA3BCB0F5}.Release|x86.ActiveCfg = Release|Any CPU
		{5FB5F92C-C71A-43AC-8EF9-8E3BA3BCB0F5}.Release|x86.Build.0 = Release|Any CPU
		{AEF30F13-3A09-4326-95F2-968EFC4C9D48}.Debug|Any CPU.ActiveCfg = Debug|Any CPU
		{AEF30F13-3A09-4326-95F2-968EFC4C9D48}.Debug|Any CPU.Build.0 = Debug|Any CPU
		{AEF30F13-3A09-4326-95F2-968EFC4C9D48}.Debug|x64.ActiveCfg = Debug|Any CPU
		{AEF30F13-3A09-4326-95F2-968EFC4C9D48}.Debug|x64.Build.0 = Debug|Any CPU
		{AEF30F13-3A09-4326-95F2-968EFC4C9D48}.Debug|x86.ActiveCfg = Debug|Any CPU
		{AEF30F13-3A09-4326-95F2-968EFC4C9D48}.Debug|x86.Build.0 = Debug|Any CPU
		{AEF30F13-3A09-4326-95F2-968EFC4C9D48}.Release|Any CPU.ActiveCfg = Release|Any CPU
		{AEF30F13-3A09-4326-95F2-968EFC4C9D48}.Release|Any CPU.Build.0 = Release|Any CPU
		{AEF30F13-3A09-4326-95F2-968EFC4C9D48}.Release|x64.ActiveCfg = Release|Any CPU
		{AEF30F13-3A09-4326-95F2-968EFC4C9D48}.Release|x64.Build.0 = Release|Any CPU
		{AEF30F13-3A09-4326-95F2-968EFC4C9D48}.Release|x86.ActiveCfg = Release|Any CPU
		{AEF30F13-3A09-4326-95F2-968EFC4C9D48}.Release|x86.Build.0 = Release|Any CPU
		{4955BC0C-B098-4339-B28F-70A3D69097E7}.Debug|Any CPU.ActiveCfg = Debug|Any CPU
		{4955BC0C-B098-4339-B28F-70A3D69097E7}.Debug|Any CPU.Build.0 = Debug|Any CPU
		{4955BC0C-B098-4339-B28F-70A3D69097E7}.Debug|x64.ActiveCfg = Debug|Any CPU
		{4955BC0C-B098-4339-B28F-70A3D69097E7}.Debug|x64.Build.0 = Debug|Any CPU
		{4955BC0C-B098-4339-B28F-70A3D69097E7}.Debug|x86.ActiveCfg = Debug|Any CPU
		{4955BC0C-B098-4339-B28F-70A3D69097E7}.Debug|x86.Build.0 = Debug|Any CPU
		{4955BC0C-B098-4339-B28F-70A3D69097E7}.Release|Any CPU.ActiveCfg = Release|Any CPU
		{4955BC0C-B098-4339-B28F-70A3D69097E7}.Release|Any CPU.Build.0 = Release|Any CPU
		{4955BC0C-B098-4339-B28F-70A3D69097E7}.Release|x64.ActiveCfg = Release|Any CPU
		{4955BC0C-B098-4339-B28F-70A3D69097E7}.Release|x64.Build.0 = Release|Any CPU
		{4955BC0C-B098-4339-B28F-70A3D69097E7}.Release|x86.ActiveCfg = Release|Any CPU
		{4955BC0C-B098-4339-B28F-70A3D69097E7}.Release|x86.Build.0 = Release|Any CPU
	EndGlobalSection
	GlobalSection(SolutionProperties) = preSolution
		HideSolutionNode = FALSE
	EndGlobalSection
	GlobalSection(NestedProjects) = preSolution
		{5FB5F92C-C71A-43AC-8EF9-8E3BA3BCB0F5} = {827E0CD3-B72D-47B6-A68D-7590B98EB39B}
		{AEF30F13-3A09-4326-95F2-968EFC4C9D48} = {827E0CD3-B72D-47B6-A68D-7590B98EB39B}
		{4955BC0C-B098-4339-B28F-70A3D69097E7} = {0AB3BF05-4346-4AA6-1389-037BE0695223}
	EndGlobalSection
EndGlobal
